<?xml version="1.0" encoding="utf-8"?>
<Project ToolsVersion="4.0" xmlns="http://schemas.microsoft.com/developer/msbuild/2003">
  <ItemGroup>
    <Filter Include="Source Files">
      <UniqueIdentifier>{4FC737F1-C7A5-4376-A066-2A32D752A2FF}</UniqueIdentifier>
      <Extensions>cpp;c;cc;cxx;c++;cppm;ixx;def;odl;idl;hpj;bat;asm;asmx</Extensions>
    </Filter>
    <Filter Include="Header Files">
      <UniqueIdentifier>{93995380-89BD-4b04-88EB-625FBE52EBFB}</UniqueIdentifier>
      <Extensions>h;hh;hpp;hxx;h++;hm;inl;inc;ipp;xsd</Extensions>
    </Filter>
    <Filter Include="Resource Files">
      <UniqueIdentifier>{67DA6AB6-F800-4c08-8B7A-83BB121AAD01}</UniqueIdentifier>
      <Extensions>rc;ico;cur;bmp;dlg;rc2;rct;bin;rgs;gif;jpg;jpeg;jpe;resx;tiff;tif;png;wav;mfcribbon-ms</Extensions>
    </Filter>
    <Filter Include="Source Files\WinApp">
      <UniqueIdentifier>{5ef7e1a3-b8ac-4916-a85e-f71ad346cf85}</UniqueIdentifier>
    </Filter>
    <Filter Include="Source Files\Game">
      <UniqueIdentifier>{171ab869-7203-4700-9d41-92d236b4f18d}</UniqueIdentifier>
    </Filter>
    <Filter Include="Source Files\Game\Systems">
      <UniqueIdentifier>{33daa824-53a1-4ba8-98e9-15321e3d2630}</UniqueIdentifier>
    </Filter>
    <Filter Include="Source Files\Game\Renderer">
      <UniqueIdentifier>{6b4af64d-0a10-4142-b5bb-c5ff7d843c76}</UniqueIdentifier>
    </Filter>
    <Filter Include="Source Files\Game\Components">
      <UniqueIdentifier>{76113c83-7d84-4b30-ab3e-133f791573c5}</UniqueIdentifier>
    </Filter>
    <Filter Include="Source Files\Game\Engine">
      <UniqueIdentifier>{49815b69-2f9a-4201-a730-7cb983acea4c}</UniqueIdentifier>
    </Filter>
    <Filter Include="Source Files\Game\Systems\Render">
      <UniqueIdentifier>{0a7e3f6f-8d25-41d4-ac37-742e77d095c7}</UniqueIdentifier>
    </Filter>
    <Filter Include="Source Files\Game\Managers">
      <UniqueIdentifier>{b01dcc92-79a7-4ed0-a2f4-d9f34a75331d}</UniqueIdentifier>
    </Filter>
    <Filter Include="Source Files\Game\Systems\Timer">
      <UniqueIdentifier>{596140ad-5bd4-45c8-829f-7a843eee1c1f}</UniqueIdentifier>
    </Filter>
    <Filter Include="Source Files\Game\Systems\Input">
      <UniqueIdentifier>{28f71c4b-fdcc-4f7e-8043-781392b793fe}</UniqueIdentifier>
    </Filter>
    <Filter Include="Source Files\Game\SceneGraph">
      <UniqueIdentifier>{9e46eac6-b9e1-4d22-92d4-71cea838cfe6}</UniqueIdentifier>
    </Filter>
    <Filter Include="Source Files\Game\SceneGraph\Scene">
      <UniqueIdentifier>{0cca24fe-3439-4da8-a4ee-bfdd7cc07457}</UniqueIdentifier>
    </Filter>
    <Filter Include="Source Files\Game\SceneGraph\Scene\Entry">
      <UniqueIdentifier>{e5f09a0f-6456-479a-9387-226fa1962fd1}</UniqueIdentifier>
    </Filter>
    <Filter Include="Source Files\Game\GameObjects">
      <UniqueIdentifier>{890895c4-3b9f-4a0b-8cbf-254b9117a0b2}</UniqueIdentifier>
    </Filter>
    <Filter Include="Source Files\Game\GameObjects\Player">
      <UniqueIdentifier>{e787b334-a200-4624-b78f-deb8208c310f}</UniqueIdentifier>
    </Filter>
    <Filter Include="Source Files\Game\GameObjects\Player\Decorators">
      <UniqueIdentifier>{93975b4f-5522-4f18-a85b-747b4655bd48}</UniqueIdentifier>
    </Filter>
    <Filter Include="Source Files\Game\SceneGraph\Scene\Play">
      <UniqueIdentifier>{87ce9835-5732-4f62-897e-77408a6f111b}</UniqueIdentifier>
    </Filter>
    <Filter Include="Source Files\Game\GameObjects\Wall">
      <UniqueIdentifier>{b06f047f-4eeb-4c86-9d68-1af5b7c733a3}</UniqueIdentifier>
    </Filter>
  </ItemGroup>
  <ItemGroup>
    <ClInclude Include="framework.h">
      <Filter>Header Files</Filter>
    </ClInclude>
    <ClInclude Include="targetver.h">
      <Filter>Header Files</Filter>
    </ClInclude>
    <ClInclude Include="Resource.h">
      <Filter>Header Files</Filter>
    </ClInclude>
    <ClInclude Include="WinMain.h">
      <Filter>Header Files</Filter>
    </ClInclude>
    <ClInclude Include="pch.h">
      <Filter>Header Files</Filter>
    </ClInclude>
    <ClInclude Include="SceneGraph.h">
      <Filter>Source Files\Game\SceneGraph</Filter>
    </ClInclude>
    <ClInclude Include="Engine.h">
      <Filter>Source Files\Game\Engine</Filter>
    </ClInclude>
    <ClInclude Include="Renderer.h">
      <Filter>Source Files\Game\Renderer</Filter>
    </ClInclude>
    <ClInclude Include="BlockGenerationSystem.h">
      <Filter>Source Files\Game\Systems</Filter>
    </ClInclude>
    <ClInclude Include="WinApp.h">
      <Filter>Source Files\WinApp</Filter>
    </ClInclude>
    <ClInclude Include="Timer.h">
      <Filter>Source Files\Game\Systems\Timer</Filter>
    </ClInclude>
    <ClInclude Include="Animation.h">
      <Filter>Source Files\Game\Components</Filter>
    </ClInclude>
    <ClInclude Include="IRenderable.h">
      <Filter>Source Files\Game\Systems\Render</Filter>
    </ClInclude>
    <ClInclude Include="SingleRenderable.h">
      <Filter>Source Files\Game\Systems\Render</Filter>
    </ClInclude>
    <ClInclude Include="CollectiveRenderable.h">
      <Filter>Source Files\Game\Systems\Render</Filter>
    </ClInclude>
    <ClInclude Include="EntryScene.h">
      <Filter>Source Files\Game\SceneGraph\Scene\Entry</Filter>
    </ClInclude>
    <ClInclude Include="InputSystem.h">
      <Filter>Source Files\Game\Systems\Input</Filter>
    </ClInclude>
    <ClInclude Include="RenderSystem.h">
      <Filter>Source Files\Game\Systems\Render</Filter>
    </ClInclude>
    <ClInclude Include="GoldSeeker.h">
      <Filter>Source Files\Game\GameObjects\Player\Decorators</Filter>
    </ClInclude>
    <ClInclude Include="Anaerobic.h">
      <Filter>Source Files\Game\GameObjects\Player\Decorators</Filter>
    </ClInclude>
    <ClInclude Include="Naughty.h">
      <Filter>Source Files\Game\GameObjects\Player\Decorators</Filter>
    </ClInclude>
    <ClInclude Include="Pummeler.h">
      <Filter>Source Files\Game\GameObjects\Player\Decorators</Filter>
    </ClInclude>
    <ClInclude Include="SugarGirl.h">
      <Filter>Source Files\Game\GameObjects\Player\Decorators</Filter>
    </ClInclude>
    <ClInclude Include="TenaciousDwarf.h">
      <Filter>Source Files\Game\GameObjects\Player\Decorators</Filter>
    </ClInclude>
    <ClInclude Include="Wimp.h">
      <Filter>Source Files\Game\GameObjects\Player\Decorators</Filter>
    </ClInclude>
    <ClInclude Include="IPlayer.h">
      <Filter>Source Files\Game\GameObjects\Player</Filter>
    </ClInclude>
    <ClInclude Include="PlayerDecorator.h">
      <Filter>Source Files\Game\GameObjects\Player\Decorators</Filter>
    </ClInclude>
    <ClInclude Include="Player.h">
      <Filter>Source Files\Game\GameObjects\Player</Filter>
    </ClInclude>
    <ClInclude Include="PlayScene.h">
      <Filter>Source Files\Game\SceneGraph\Scene\Play</Filter>
    </ClInclude>
    <ClInclude Include="Wall.h">
      <Filter>Source Files\Game\GameObjects\Wall</Filter>
    </ClInclude>
    <ClInclude Include="BrickRenderComponent.h">
      <Filter>Source Files\Game\Components</Filter>
    </ClInclude>
    <ClInclude Include="BrickPattern.h">
      <Filter>Source Files\Game\Components</Filter>
    </ClInclude>
    <ClInclude Include="BrickHealthComponent.h">
      <Filter>Source Files\Game\Components</Filter>
    </ClInclude>
    <ClInclude Include="GridDeque.h">
      <Filter>Header Files</Filter>
    </ClInclude>
  </ItemGroup>
  <ItemGroup>
    <ClCompile Include="WinMain.cpp">
      <Filter>Source Files</Filter>
    </ClCompile>
    <ClCompile Include="pch.cpp">
      <Filter>Source Files</Filter>
    </ClCompile>
    <ClCompile Include="SceneGraph.cpp">
      <Filter>Source Files\Game\SceneGraph</Filter>
    </ClCompile>
    <ClCompile Include="Engine.cpp">
      <Filter>Source Files\Game\Engine</Filter>
    </ClCompile>
    <ClCompile Include="Renderer.cpp">
      <Filter>Source Files\Game\Renderer</Filter>
    </ClCompile>
    <ClCompile Include="BlockGenerationSystem.cpp">
      <Filter>Source Files\Game\Systems</Filter>
    </ClCompile>
    <ClCompile Include="WinApp.cpp">
      <Filter>Source Files\WinApp</Filter>
    </ClCompile>
    <ClCompile Include="Timer.cpp">
      <Filter>Source Files\Game\Systems\Timer</Filter>
    </ClCompile>
    <ClCompile Include="ResourceManager.cpp">
      <Filter>Source Files\Game\Managers</Filter>
    </ClCompile>
    <ClCompile Include="AnimationController.h">
      <Filter>Source Files\Game\Components</Filter>
    </ClCompile>
    <ClCompile Include="EntryScene.cpp">
      <Filter>Source Files\Game\SceneGraph\Scene\Entry</Filter>
    </ClCompile>
    <ClCompile Include="InputSystem.cpp">
      <Filter>Source Files\Game\Systems\Input</Filter>
    </ClCompile>
    <ClCompile Include="Wimp.cpp">
      <Filter>Source Files\Game\GameObjects\Player\Decorators</Filter>
    </ClCompile>
    <ClCompile Include="TenaciousDwarf.cpp">
      <Filter>Source Files\Game\GameObjects\Player\Decorators</Filter>
    </ClCompile>
    <ClCompile Include="SugarGirl.cpp">
      <Filter>Source Files\Game\GameObjects\Player\Decorators</Filter>
    </ClCompile>
    <ClCompile Include="Pummeler.cpp">
      <Filter>Source Files\Game\GameObjects\Player\Decorators</Filter>
    </ClCompile>
    <ClCompile Include="Naughty.cpp">
      <Filter>Source Files\Game\GameObjects\Player\Decorators</Filter>
    </ClCompile>
    <ClCompile Include="GoldSeeker.cpp">
      <Filter>Source Files\Game\GameObjects\Player\Decorators</Filter>
    </ClCompile>
    <ClCompile Include="Anaerobic.cpp">
      <Filter>Source Files\Game\GameObjects\Player\Decorators</Filter>
    </ClCompile>
    <ClCompile Include="Player.cpp">
      <Filter>Source Files\Game\GameObjects\Player</Filter>
    </ClCompile>
    <ClCompile Include="PlayScene.cpp">
      <Filter>Source Files\Game\SceneGraph\Scene\Play</Filter>
    </ClCompile>
  </ItemGroup>
  <ItemGroup>
    <ResourceCompile Include="Lazanya33.rc">
      <Filter>Resource Files</Filter>
    </ResourceCompile>
  </ItemGroup>
  <ItemGroup>
    <Image Include="small.ico">
      <Filter>Resource Files</Filter>
    </Image>
    <Image Include="Lazanya33.ico">
      <Filter>Resource Files</Filter>
    </Image>
  </ItemGroup>
</Project>