<?xml version="1.0" encoding="utf-8"?>
<Project ToolsVersion="4.0" xmlns="http://schemas.microsoft.com/developer/msbuild/2003">
  <ItemGroup>
    <Filter Include="Source Files">
      <UniqueIdentifier>{4FC737F1-C7A5-4376-A066-2A32D752A2FF}</UniqueIdentifier>
      <Extensions>cpp;c;cc;cxx;c++;cppm;ixx;def;odl;idl;hpj;bat;asm;asmx</Extensions>
    </Filter>
    <Filter Include="Header Files">
      <UniqueIdentifier>{93995380-89BD-4b04-88EB-625FBE52EBFB}</UniqueIdentifier>
      <Extensions>h;hh;hpp;hxx;h++;hm;inl;inc;ipp;xsd</Extensions>
    </Filter>
    <Filter Include="Resource Files">
      <UniqueIdentifier>{67DA6AB6-F800-4c08-8B7A-83BB121AAD01}</UniqueIdentifier>
      <Extensions>rc;ico;cur;bmp;dlg;rc2;rct;bin;rgs;gif;jpg;jpeg;jpe;resx;tiff;tif;png;wav;mfcribbon-ms</Extensions>
    </Filter>
    <Filter Include="Source Files\WinApp">
      <UniqueIdentifier>{5ef7e1a3-b8ac-4916-a85e-f71ad346cf85}</UniqueIdentifier>
    </Filter>
    <Filter Include="Source Files\Game">
      <UniqueIdentifier>{171ab869-7203-4700-9d41-92d236b4f18d}</UniqueIdentifier>
    </Filter>
    <Filter Include="Source Files\Game\GameManager">
      <UniqueIdentifier>{49815b69-2f9a-4201-a730-7cb983acea4c}</UniqueIdentifier>
    </Filter>
    <Filter Include="Source Files\Game\SceneTree">
      <UniqueIdentifier>{9e46eac6-b9e1-4d22-92d4-71cea838cfe6}</UniqueIdentifier>
    </Filter>
    <Filter Include="Source Files\Game\Systems">
      <UniqueIdentifier>{33daa824-53a1-4ba8-98e9-15321e3d2630}</UniqueIdentifier>
    </Filter>
    <Filter Include="Source Files\Game\Renderer">
      <UniqueIdentifier>{6b4af64d-0a10-4142-b5bb-c5ff7d843c76}</UniqueIdentifier>
    </Filter>
    <Filter Include="Source Files\Game\Components">
      <UniqueIdentifier>{76113c83-7d84-4b30-ab3e-133f791573c5}</UniqueIdentifier>
    </Filter>
  </ItemGroup>
  <ItemGroup>
    <ClInclude Include="framework.h">
      <Filter>Header Files</Filter>
    </ClInclude>
    <ClInclude Include="targetver.h">
      <Filter>Header Files</Filter>
    </ClInclude>
    <ClInclude Include="Resource.h">
      <Filter>Header Files</Filter>
    </ClInclude>
    <ClInclude Include="Lazanya33.h">
      <Filter>Header Files</Filter>
    </ClInclude>
    <ClInclude Include="pch.h">
      <Filter>Header Files</Filter>
    </ClInclude>
    <ClInclude Include="SceneTree.h">
      <Filter>Source Files\Game\SceneTree</Filter>
    </ClInclude>
    <ClInclude Include="GameManager.h">
      <Filter>Source Files\Game\GameManager</Filter>
    </ClInclude>
    <ClInclude Include="Renderer.h">
      <Filter>Source Files\Game\Renderer</Filter>
    </ClInclude>
    <ClInclude Include="RenderSystem.h">
      <Filter>Source Files\Game\Systems</Filter>
    </ClInclude>
    <ClInclude Include="BlockComponent.h">
      <Filter>Source Files\Game\Components</Filter>
    </ClInclude>
    <ClInclude Include="HealthComponent.h">
      <Filter>Source Files\Game\Components</Filter>
    </ClInclude>
    <ClInclude Include="BlockPattern.h">
      <Filter>Source Files\Game\Components</Filter>
    </ClInclude>
    <ClInclude Include="BlockGenerationSystem.h">
      <Filter>Source Files\Game\Systems</Filter>
    </ClInclude>
  </ItemGroup>
  <ItemGroup>
    <ClCompile Include="Lazanya33.cpp">
      <Filter>Source Files</Filter>
    </ClCompile>
    <ClCompile Include="pch.cpp">
      <Filter>Source Files</Filter>
    </ClCompile>
    <ClCompile Include="SceneTree.cpp">
      <Filter>Source Files\Game\SceneTree</Filter>
    </ClCompile>
    <ClCompile Include="GameManager.cpp">
      <Filter>Source Files\Game\GameManager</Filter>
    </ClCompile>
    <ClCompile Include="Renderer.cpp">
      <Filter>Source Files\Game\Renderer</Filter>
    </ClCompile>
    <ClCompile Include="RenderSystem.cpp">
      <Filter>Source Files\Game\Systems</Filter>
    </ClCompile>
    <ClCompile Include="BlockGenerationSystem.cpp">
      <Filter>Source Files\Game\Systems</Filter>
    </ClCompile>
  </ItemGroup>
  <ItemGroup>
    <ResourceCompile Include="Lazanya33.rc">
      <Filter>Resource Files</Filter>
    </ResourceCompile>
  </ItemGroup>
  <ItemGroup>
    <Image Include="small.ico">
      <Filter>Resource Files</Filter>
    </Image>
    <Image Include="Lazanya33.ico">
      <Filter>Resource Files</Filter>
    </Image>
  </ItemGroup>
</Project>