<?xml version="1.0" encoding="utf-8"?>
<Project ToolsVersion="4.0" xmlns="http://schemas.microsoft.com/developer/msbuild/2003">
  <ItemGroup>
    <Filter Include="Source Files">
      <UniqueIdentifier>{4FC737F1-C7A5-4376-A066-2A32D752A2FF}</UniqueIdentifier>
      <Extensions>cpp;c;cc;cxx;c++;cppm;ixx;def;odl;idl;hpj;bat;asm;asmx</Extensions>
    </Filter>
    <Filter Include="Header Files">
      <UniqueIdentifier>{93995380-89BD-4b04-88EB-625FBE52EBFB}</UniqueIdentifier>
      <Extensions>h;hh;hpp;hxx;h++;hm;inl;inc;ipp;xsd</Extensions>
    </Filter>
    <Filter Include="Resource Files">
      <UniqueIdentifier>{67DA6AB6-F800-4c08-8B7A-83BB121AAD01}</UniqueIdentifier>
      <Extensions>rc;ico;cur;bmp;dlg;rc2;rct;bin;rgs;gif;jpg;jpeg;jpe;resx;tiff;tif;png;wav;mfcribbon-ms</Extensions>
    </Filter>
    <Filter Include="Source Files\WinApp">
      <UniqueIdentifier>{5ef7e1a3-b8ac-4916-a85e-f71ad346cf85}</UniqueIdentifier>
    </Filter>
    <Filter Include="Source Files\Game">
      <UniqueIdentifier>{171ab869-7203-4700-9d41-92d236b4f18d}</UniqueIdentifier>
    </Filter>
    <Filter Include="Source Files\Game\Systems">
      <UniqueIdentifier>{33daa824-53a1-4ba8-98e9-15321e3d2630}</UniqueIdentifier>
    </Filter>
    <Filter Include="Source Files\Game\Renderer">
      <UniqueIdentifier>{6b4af64d-0a10-4142-b5bb-c5ff7d843c76}</UniqueIdentifier>
    </Filter>
    <Filter Include="Source Files\Game\Components">
      <UniqueIdentifier>{76113c83-7d84-4b30-ab3e-133f791573c5}</UniqueIdentifier>
    </Filter>
    <Filter Include="Source Files\Game\Engine">
      <UniqueIdentifier>{49815b69-2f9a-4201-a730-7cb983acea4c}</UniqueIdentifier>
    </Filter>
    <Filter Include="Source Files\Game\Systems\Render">
      <UniqueIdentifier>{0a7e3f6f-8d25-41d4-ac37-742e77d095c7}</UniqueIdentifier>
    </Filter>
    <Filter Include="Source Files\Game\Managers">
      <UniqueIdentifier>{b01dcc92-79a7-4ed0-a2f4-d9f34a75331d}</UniqueIdentifier>
    </Filter>
    <Filter Include="Source Files\Game\Systems\Timer">
      <UniqueIdentifier>{596140ad-5bd4-45c8-829f-7a843eee1c1f}</UniqueIdentifier>
    </Filter>
    <Filter Include="Source Files\Game\Systems\Input">
      <UniqueIdentifier>{28f71c4b-fdcc-4f7e-8043-781392b793fe}</UniqueIdentifier>
    </Filter>
    <Filter Include="Source Files\Game\SceneGraph">
      <UniqueIdentifier>{9e46eac6-b9e1-4d22-92d4-71cea838cfe6}</UniqueIdentifier>
    </Filter>
    <Filter Include="Source Files\Game\SceneGraph\Scene">
      <UniqueIdentifier>{0cca24fe-3439-4da8-a4ee-bfdd7cc07457}</UniqueIdentifier>
    </Filter>
    <Filter Include="Source Files\Game\SceneGraph\Scene\Entry">
      <UniqueIdentifier>{e5f09a0f-6456-479a-9387-226fa1962fd1}</UniqueIdentifier>
    </Filter>
    <Filter Include="Source Files\Game\GameObjects">
      <UniqueIdentifier>{890895c4-3b9f-4a0b-8cbf-254b9117a0b2}</UniqueIdentifier>
    </Filter>
    <Filter Include="Source Files\Game\GameObjects\Player">
      <UniqueIdentifier>{e787b334-a200-4624-b78f-deb8208c310f}</UniqueIdentifier>
    </Filter>
    <Filter Include="Source Files\Game\GameObjects\Player\Decorators">
      <UniqueIdentifier>{93975b4f-5522-4f18-a85b-747b4655bd48}</UniqueIdentifier>
    </Filter>
    <Filter Include="Source Files\Game\SceneGraph\Scene\Play">
      <UniqueIdentifier>{87ce9835-5732-4f62-897e-77408a6f111b}</UniqueIdentifier>
    </Filter>
    <Filter Include="Source Files\Game\GameObjects\Wall">
      <UniqueIdentifier>{b06f047f-4eeb-4c86-9d68-1af5b7c733a3}</UniqueIdentifier>
    </Filter>
    <Filter Include="Source Files\Game\GameObjects\Wall\Brick">
      <UniqueIdentifier>{7ea8bfcf-625f-453c-919f-e3ff503e3e00}</UniqueIdentifier>
    </Filter>
    <Filter Include="Source Files\Game\Systems\Game">
      <UniqueIdentifier>{370338f3-3441-4bb1-b3e5-38ed328da652}</UniqueIdentifier>
    </Filter>
    <Filter Include="Source Files\Game\Components\UI">
      <UniqueIdentifier>{33d0c462-2d65-4916-acd4-db009a52192d}</UniqueIdentifier>
    </Filter>
    <Filter Include="Source Files\Game\Components\Render">
      <UniqueIdentifier>{62182454-0ebc-4335-b174-36b674ee9e2a}</UniqueIdentifier>
    </Filter>
    <Filter Include="Source Files\Game\Components\UI\Grid">
      <UniqueIdentifier>{a44f453b-5e5a-4a75-8209-c656e78219e2}</UniqueIdentifier>
    </Filter>
    <Filter Include="Source Files\Game\Systems\Sound">
      <UniqueIdentifier>{22a04084-5729-4260-9bad-0d38f50ad424}</UniqueIdentifier>
    </Filter>
    <Filter Include="Source Files\Game\Utility">
      <UniqueIdentifier>{d11dba1f-fb5f-432e-b78c-6b21e151eb14}</UniqueIdentifier>
    </Filter>
    <Filter Include="Source Files\Game\Components\Animation">
      <UniqueIdentifier>{ec508851-2379-4f62-803a-c16b58ad5749}</UniqueIdentifier>
    </Filter>
    <Filter Include="Source Files\Game\SceneGraph\Scene\Letter">
      <UniqueIdentifier>{f790d0ba-efaf-4a7f-835b-dc00adcd764d}</UniqueIdentifier>
    </Filter>
    <Filter Include="Source Files\Game\SceneGraph\Scene\Developer">
      <UniqueIdentifier>{af54f0cf-4010-4485-b0a7-9f3e0ee97cc2}</UniqueIdentifier>
    </Filter>
    <Filter Include="Source Files\Game\SceneGraph\Scene\Decorator">
      <UniqueIdentifier>{f87285e8-c3a5-4fb3-af2a-84f42a83fda9}</UniqueIdentifier>
    </Filter>
    <Filter Include="Source Files\Game\SceneGraph\Scene\ArtWork">
      <UniqueIdentifier>{3c61bf94-591f-477c-83ef-5cde5b564e16}</UniqueIdentifier>
    </Filter>
    <Filter Include="Source Files\Game\SceneGraph\Scene\Description">
      <UniqueIdentifier>{ba7a2ee5-700a-4dad-980f-f6f3389f13a4}</UniqueIdentifier>
    </Filter>
    <Filter Include="Source Files\Game\SceneGraph\Scene\BlockIntro">
      <UniqueIdentifier>{f13ef181-3623-472c-8332-2a8da40feef2}</UniqueIdentifier>
    </Filter>
  </ItemGroup>
  <ItemGroup>
    <ClInclude Include="framework.h">
      <Filter>Header Files</Filter>
    </ClInclude>
    <ClInclude Include="targetver.h">
      <Filter>Header Files</Filter>
    </ClInclude>
    <ClInclude Include="Resource.h">
      <Filter>Header Files</Filter>
    </ClInclude>
    <ClInclude Include="WinMain.h">
      <Filter>Header Files</Filter>
    </ClInclude>
    <ClInclude Include="pch.h">
      <Filter>Header Files</Filter>
    </ClInclude>
    <ClInclude Include="SceneGraph.h">
      <Filter>Source Files\Game\SceneGraph</Filter>
    </ClInclude>
    <ClInclude Include="Engine.h">
      <Filter>Source Files\Game\Engine</Filter>
    </ClInclude>
    <ClInclude Include="Renderer.h">
      <Filter>Source Files\Game\Renderer</Filter>
    </ClInclude>
    <ClInclude Include="WinApp.h">
      <Filter>Source Files\WinApp</Filter>
    </ClInclude>
    <ClInclude Include="Timer.h">
      <Filter>Source Files\Game\Systems\Timer</Filter>
    </ClInclude>
    <ClInclude Include="EntryScene.h">
      <Filter>Source Files\Game\SceneGraph\Scene\Entry</Filter>
    </ClInclude>
    <ClInclude Include="InputSystem.h">
      <Filter>Source Files\Game\Systems\Input</Filter>
    </ClInclude>
    <ClInclude Include="RenderSystem.h">
      <Filter>Source Files\Game\Systems\Render</Filter>
    </ClInclude>
    <ClInclude Include="GoldSeeker.h">
      <Filter>Source Files\Game\GameObjects\Player\Decorators</Filter>
    </ClInclude>
    <ClInclude Include="Anaerobic.h">
      <Filter>Source Files\Game\GameObjects\Player\Decorators</Filter>
    </ClInclude>
    <ClInclude Include="Naughty.h">
      <Filter>Source Files\Game\GameObjects\Player\Decorators</Filter>
    </ClInclude>
    <ClInclude Include="Pummeler.h">
      <Filter>Source Files\Game\GameObjects\Player\Decorators</Filter>
    </ClInclude>
    <ClInclude Include="SugarGirl.h">
      <Filter>Source Files\Game\GameObjects\Player\Decorators</Filter>
    </ClInclude>
    <ClInclude Include="TenaciousDwarf.h">
      <Filter>Source Files\Game\GameObjects\Player\Decorators</Filter>
    </ClInclude>
    <ClInclude Include="Wimp.h">
      <Filter>Source Files\Game\GameObjects\Player\Decorators</Filter>
    </ClInclude>
    <ClInclude Include="IPlayer.h">
      <Filter>Source Files\Game\GameObjects\Player</Filter>
    </ClInclude>
    <ClInclude Include="PlayerDecorator.h">
      <Filter>Source Files\Game\GameObjects\Player\Decorators</Filter>
    </ClInclude>
    <ClInclude Include="Player.h">
      <Filter>Source Files\Game\GameObjects\Player</Filter>
    </ClInclude>
    <ClInclude Include="PlayScene.h">
      <Filter>Source Files\Game\SceneGraph\Scene\Play</Filter>
    </ClInclude>
    <ClInclude Include="Wall.h">
      <Filter>Source Files\Game\GameObjects\Wall</Filter>
    </ClInclude>
    <ClInclude Include="BrickPattern.h">
      <Filter>Source Files\Game\Components</Filter>
    </ClInclude>
    <ClInclude Include="GridDeque.h">
      <Filter>Header Files</Filter>
    </ClInclude>
    <ClInclude Include="Brick.h">
      <Filter>Source Files\Game\GameObjects\Wall\Brick</Filter>
    </ClInclude>
    <ClInclude Include="UIComponent.h">
      <Filter>Source Files\Game\Components\UI</Filter>
    </ClInclude>
    <ClInclude Include="PlayerOxygenSystem.h">
      <Filter>Source Files\Game\Systems\Game</Filter>
    </ClInclude>
    <ClInclude Include="SingleRenderable.h">
      <Filter>Source Files\Game\Components\Render</Filter>
    </ClInclude>
    <ClInclude Include="IRenderable.h">
      <Filter>Source Files\Game\Components\Render</Filter>
    </ClInclude>
    <ClInclude Include="CollectiveRenderable.h">
      <Filter>Source Files\Game\Components\Render</Filter>
    </ClInclude>
    <ClInclude Include="PlayerBricksInteractionSystem.h">
      <Filter>Source Files\Game\Systems\Game</Filter>
    </ClInclude>
    <ClInclude Include="BrickGenerationSystem.h">
      <Filter>Source Files\Game\Systems\Game</Filter>
    </ClInclude>
    <ClInclude Include="Button.h">
      <Filter>Source Files\Game\Components\UI</Filter>
    </ClInclude>
    <ClInclude Include="GridMap.h">
      <Filter>Source Files\Game\Components\UI\Grid</Filter>
    </ClInclude>
    <ClInclude Include="CSound.h">
      <Filter>Source Files\Game\Systems\Sound</Filter>
    </ClInclude>
    <ClInclude Include="DebugConsole.h">
      <Filter>Header Files</Filter>
    </ClInclude>
    <ClInclude Include="ResourceManager.h">
      <Filter>Source Files\Game\Managers</Filter>
    </ClInclude>
    <ClInclude Include="Container.h">
      <Filter>Source Files\Game\Components\UI</Filter>
    </ClInclude>
    <ClInclude Include="GridItem.h">
      <Filter>Source Files\Game\Components\UI\Grid</Filter>
    </ClInclude>
    <ClInclude Include="Animation.h">
      <Filter>Source Files\Game\Components\Animation</Filter>
    </ClInclude>
    <ClInclude Include="SequentialAnimationPack.h">
      <Filter>Source Files\Game\Components\Animation</Filter>
    </ClInclude>
    <ClInclude Include="BlendedAnimationPack.h">
      <Filter>Source Files\Game\Components\Animation</Filter>
    </ClInclude>
    <ClInclude Include="DecoratorScene.h">
      <Filter>Source Files\Game\SceneGraph\Scene\Decorator</Filter>
    </ClInclude>
    <ClInclude Include="DeveloperScene.h">
      <Filter>Source Files\Game\SceneGraph\Scene\Developer</Filter>
    </ClInclude>
    <ClInclude Include="LetterScene.h">
      <Filter>Source Files\Game\SceneGraph\Scene\Letter</Filter>
    </ClInclude>
    <ClInclude Include="BlessingContainer.h">
      <Filter>Source Files\Game\Components</Filter>
    </ClInclude>
    <ClInclude Include="SpritePack.h">
      <Filter>Source Files\Game\Components\Render</Filter>
    </ClInclude>
    <ClInclude Include="RandomGenerator.h">
      <Filter>Source Files\Game\Utility</Filter>
    </ClInclude>
    <ClInclude Include="ArtWorkScene1.h">
      <Filter>Source Files\Game\SceneGraph\Scene\ArtWork</Filter>
    </ClInclude>
    <ClInclude Include="ChainedAnimationPack.h">
      <Filter>Header Files</Filter>
    </ClInclude>
    <ClInclude Include="ArtWorkScene2.h">
      <Filter>Source Files\Game\SceneGraph\Scene\ArtWork</Filter>
    </ClInclude>
    <ClInclude Include="ArtWorkScene3.h">
      <Filter>Source Files\Game\SceneGraph\Scene\ArtWork</Filter>
    </ClInclude>
    <ClInclude Include="BlcokIntroduction.h">
      <Filter>Source Files\Game\SceneGraph\Scene\BlockIntro</Filter>
    </ClInclude>
    <ClInclude Include="DescriptionScene.h">
      <Filter>Source Files\Game\SceneGraph\Scene\Description</Filter>
    </ClInclude>
  </ItemGroup>
  <ItemGroup>
    <ClCompile Include="WinMain.cpp">
      <Filter>Source Files</Filter>
    </ClCompile>
    <ClCompile Include="pch.cpp">
      <Filter>Source Files</Filter>
    </ClCompile>
    <ClCompile Include="SceneGraph.cpp">
      <Filter>Source Files\Game\SceneGraph</Filter>
    </ClCompile>
    <ClCompile Include="Engine.cpp">
      <Filter>Source Files\Game\Engine</Filter>
    </ClCompile>
    <ClCompile Include="Renderer.cpp">
      <Filter>Source Files\Game\Renderer</Filter>
    </ClCompile>
    <ClCompile Include="WinApp.cpp">
      <Filter>Source Files\WinApp</Filter>
    </ClCompile>
    <ClCompile Include="Timer.cpp">
      <Filter>Source Files\Game\Systems\Timer</Filter>
    </ClCompile>
    <ClCompile Include="ResourceManager.cpp">
      <Filter>Source Files\Game\Managers</Filter>
    </ClCompile>
    <ClCompile Include="EntryScene.cpp">
      <Filter>Source Files\Game\SceneGraph\Scene\Entry</Filter>
    </ClCompile>
    <ClCompile Include="InputSystem.cpp">
      <Filter>Source Files\Game\Systems\Input</Filter>
    </ClCompile>
    <ClCompile Include="Wimp.cpp">
      <Filter>Source Files\Game\GameObjects\Player\Decorators</Filter>
    </ClCompile>
    <ClCompile Include="TenaciousDwarf.cpp">
      <Filter>Source Files\Game\GameObjects\Player\Decorators</Filter>
    </ClCompile>
    <ClCompile Include="SugarGirl.cpp">
      <Filter>Source Files\Game\GameObjects\Player\Decorators</Filter>
    </ClCompile>
    <ClCompile Include="Pummeler.cpp">
      <Filter>Source Files\Game\GameObjects\Player\Decorators</Filter>
    </ClCompile>
    <ClCompile Include="Naughty.cpp">
      <Filter>Source Files\Game\GameObjects\Player\Decorators</Filter>
    </ClCompile>
    <ClCompile Include="GoldSeeker.cpp">
      <Filter>Source Files\Game\GameObjects\Player\Decorators</Filter>
    </ClCompile>
    <ClCompile Include="Anaerobic.cpp">
      <Filter>Source Files\Game\GameObjects\Player\Decorators</Filter>
    </ClCompile>
    <ClCompile Include="Player.cpp">
      <Filter>Source Files\Game\GameObjects\Player</Filter>
    </ClCompile>
    <ClCompile Include="Wall.cpp">
      <Filter>Source Files\Game\GameObjects\Wall</Filter>
    </ClCompile>
    <ClCompile Include="BrickGenerationSystem.cpp">
      <Filter>Source Files\Game\Systems\Game</Filter>
    </ClCompile>
    <ClCompile Include="CSound.cpp">
      <Filter>Source Files\Game\Systems\Sound</Filter>
    </ClCompile>
    <ClCompile Include="Animation.cpp">
      <Filter>Source Files\Game\Components\Animation</Filter>
    </ClCompile>
    <ClCompile Include="AnimationController.h">
      <Filter>Source Files\Game\Components\Animation</Filter>
    </ClCompile>
    <ClCompile Include="DecoratorScene.cpp">
      <Filter>Source Files\Game\SceneGraph\Scene\Decorator</Filter>
    </ClCompile>
    <ClCompile Include="DeveloperScene.cpp">
      <Filter>Source Files\Game\SceneGraph\Scene\Developer</Filter>
    </ClCompile>
    <ClCompile Include="LetterScene.cpp">
      <Filter>Source Files\Game\SceneGraph\Scene\Letter</Filter>
    </ClCompile>
    <ClCompile Include="GameDataHub.h">
      <Filter>Source Files\Game\SceneGraph</Filter>
    </ClCompile>
    <ClCompile Include="ArtWorkScene1.cpp">
      <Filter>Source Files\Game\SceneGraph\Scene\ArtWork</Filter>
    </ClCompile>
    <ClCompile Include="InputField.h">
      <Filter>Header Files</Filter>
    </ClCompile>
    <ClCompile Include="PlayerStateContainer.h">
      <Filter>Source Files\Game\Components</Filter>
    </ClCompile>
    <ClCompile Include="ArtWorkScene2.cpp">
      <Filter>Source Files\Game\SceneGraph\Scene\ArtWork</Filter>
    </ClCompile>
    <ClCompile Include="ArtWorkScene3.cpp">
      <Filter>Source Files\Game\SceneGraph\Scene\ArtWork</Filter>
    </ClCompile>
    <ClCompile Include="BlcokIntroduction.cpp">
      <Filter>Source Files\Game\SceneGraph\Scene\BlockIntro</Filter>
    </ClCompile>
    <ClCompile Include="DescriptionScene.cpp">
      <Filter>Source Files\Game\SceneGraph\Scene\Description</Filter>
    </ClCompile>
    <ClCompile Include="PlayerStateContainer.cpp">
      <Filter>Source Files\Game</Filter>
    </ClCompile>
    <ClCompile Include="PlayScene.cpp">
      <Filter>Source Files\Game\SceneGraph\Scene\Play</Filter>
    </ClCompile>
  </ItemGroup>
  <ItemGroup>
    <ResourceCompile Include="Lazanya33.rc">
      <Filter>Resource Files</Filter>
    </ResourceCompile>
  </ItemGroup>
  <ItemGroup>
    <Image Include="small.ico">
      <Filter>Resource Files</Filter>
    </Image>
    <Image Include="Lazanya33.ico">
      <Filter>Resource Files</Filter>
    </Image>
  </ItemGroup>
</Project>